
Microsoft Visual Studio Solution File, Format Version 12.00
# Visual Studio Version 17
VisualStudioVersion = 17.0.32112.339
MinimumVisualStudioVersion = 10.0.40219.1
Project("{FAE04EC0-301F-11D3-BF4B-00C04F79EFBC}") = "Diamantes.ConsoleApp", "Diamantes.ConsoleApp\Diamantes.ConsoleApp.csproj", "{98FB69C4-9CAC-482A-AD0E-428E4B495637}"
EndProject
Global
	GlobalSection(SolutionConfigurationPlatforms) = preSolution
		Debug|Any CPU = Debug|Any CPU
		Release|Any CPU = Release|Any CPU
	EndGlobalSection
	GlobalSection(ProjectConfigurationPlatforms) = postSolution
		{98FB69C4-9CAC-482A-AD0E-428E4B495637}.Debug|Any CPU.ActiveCfg = Debug|Any CPU
		{98FB69C4-9CAC-482A-AD0E-428E4B495637}.Debug|Any CPU.Build.0 = Debug|Any CPU
		{98FB69C4-9CAC-482A-AD0E-428E4B495637}.Release|Any CPU.ActiveCfg = Release|Any CPU
		{98FB69C4-9CAC-482A-AD0E-428E4B495637}.Release|Any CPU.Build.0 = Release|Any CPU
	EndGlobalSection
	GlobalSection(SolutionProperties) = preSolution
		HideSolutionNode = FALSE
	EndGlobalSection
	GlobalSection(ExtensibilityGlobals) = postSolution
		SolutionGuid = {5C749DE5-AA7D-4339-B23E-0DFAB51AC002}
	EndGlobalSection
EndGlobal
